
Microsoft Visual Studio Solution File, Format Version 12.00
# Visual Studio Version 17
VisualStudioVersion = 17.0.32112.339
MinimumVisualStudioVersion = 10.0.40219.1
Project("{9A19103F-16F7-4668-BE54-9A1E7A4F7556}") = "GerenciarColaboradores", "GerenciarColaboradores\GerenciarColaboradores.csproj", "{DE5D8751-C4AB-43B7-AF90-0AC0E872937B}"
EndProject
Project("{FAE04EC0-301F-11D3-BF4B-00C04F79EFBC}") = "AuthenticationClient", "AuthenticationClient\AuthenticationClient.csproj", "{DA5440D1-60F6-41D2-828A-2FF79EE31CDE}"
EndProject
Global
	GlobalSection(SolutionConfigurationPlatforms) = preSolution
		Debug|Any CPU = Debug|Any CPU
		Release|Any CPU = Release|Any CPU
	EndGlobalSection
	GlobalSection(ProjectConfigurationPlatforms) = postSolution
		{DE5D8751-C4AB-43B7-AF90-0AC0E872937B}.Debug|Any CPU.ActiveCfg = Debug|Any CPU
		{DE5D8751-C4AB-43B7-AF90-0AC0E872937B}.Debug|Any CPU.Build.0 = Debug|Any CPU
		{DE5D8751-C4AB-43B7-AF90-0AC0E872937B}.Release|Any CPU.ActiveCfg = Release|Any CPU
		{DE5D8751-C4AB-43B7-AF90-0AC0E872937B}.Release|Any CPU.Build.0 = Release|Any CPU
		{DA5440D1-60F6-41D2-828A-2FF79EE31CDE}.Debug|Any CPU.ActiveCfg = Debug|Any CPU
		{DA5440D1-60F6-41D2-828A-2FF79EE31CDE}.Debug|Any CPU.Build.0 = Debug|Any CPU
		{DA5440D1-60F6-41D2-828A-2FF79EE31CDE}.Release|Any CPU.ActiveCfg = Release|Any CPU
		{DA5440D1-60F6-41D2-828A-2FF79EE31CDE}.Release|Any CPU.Build.0 = Release|Any CPU
	EndGlobalSection
	GlobalSection(SolutionProperties) = preSolution
		HideSolutionNode = FALSE
	EndGlobalSection
	GlobalSection(ExtensibilityGlobals) = postSolution
		SolutionGuid = {8BEB1573-0FA7-4EED-93C6-B9AC15911288}
	EndGlobalSection
EndGlobal
