
Microsoft Visual Studio Solution File, Format Version 12.00
# Visual Studio Version 16
VisualStudioVersion = 16.0.32002.261
MinimumVisualStudioVersion = 10.0.40219.1
Project("{FAE04EC0-301F-11D3-BF4B-00C04F79EFBC}") = "GerenciarColaboradores", "GerenciarColaboradores\GerenciarColaboradores.csproj", "{DE5D8751-C4AB-43B7-AF90-0AC0E872937B}"
EndProject
Global
	GlobalSection(SolutionConfigurationPlatforms) = preSolution
		Debug|Any CPU = Debug|Any CPU
		Release|Any CPU = Release|Any CPU
	EndGlobalSection
	GlobalSection(ProjectConfigurationPlatforms) = postSolution
		{DE5D8751-C4AB-43B7-AF90-0AC0E872937B}.Debug|Any CPU.ActiveCfg = Debug|Any CPU
		{DE5D8751-C4AB-43B7-AF90-0AC0E872937B}.Debug|Any CPU.Build.0 = Debug|Any CPU
		{DE5D8751-C4AB-43B7-AF90-0AC0E872937B}.Release|Any CPU.ActiveCfg = Release|Any CPU
		{DE5D8751-C4AB-43B7-AF90-0AC0E872937B}.Release|Any CPU.Build.0 = Release|Any CPU
	EndGlobalSection
	GlobalSection(SolutionProperties) = preSolution
		HideSolutionNode = FALSE
	EndGlobalSection
	GlobalSection(ExtensibilityGlobals) = postSolution
		SolutionGuid = {8BEB1573-0FA7-4EED-93C6-B9AC15911288}
	EndGlobalSection
EndGlobal
